
Microsoft Visual Studio Solution File, Format Version 12.00
# Visual Studio Version 17
VisualStudioVersion = 17.1.32210.238
MinimumVisualStudioVersion = 10.0.40219.1
Project("{FAE04EC0-301F-11D3-BF4B-00C04F79EFBC}") = "Tuan4_VuDinhTien", "Tuan4_VuDinhTien\Tuan4_VuDinhTien.csproj", "{B784B67D-4DE6-4884-8912-02C379236AD5}"
EndProject
Global
	GlobalSection(SolutionConfigurationPlatforms) = preSolution
		Debug|Any CPU = Debug|Any CPU
		Release|Any CPU = Release|Any CPU
	EndGlobalSection
	GlobalSection(ProjectConfigurationPlatforms) = postSolution
		{B784B67D-4DE6-4884-8912-02C379236AD5}.Debug|Any CPU.ActiveCfg = Debug|Any CPU
		{B784B67D-4DE6-4884-8912-02C379236AD5}.Debug|Any CPU.Build.0 = Debug|Any CPU
		{B784B67D-4DE6-4884-8912-02C379236AD5}.Release|Any CPU.ActiveCfg = Release|Any CPU
		{B784B67D-4DE6-4884-8912-02C379236AD5}.Release|Any CPU.Build.0 = Release|Any CPU
	EndGlobalSection
	GlobalSection(SolutionProperties) = preSolution
		HideSolutionNode = FALSE
	EndGlobalSection
	GlobalSection(ExtensibilityGlobals) = postSolution
		SolutionGuid = {287899C9-DD77-4D6E-B3FA-328C13BB26C7}
	EndGlobalSection
EndGlobal
